
Microsoft Visual Studio Solution File, Format Version 12.00
# Visual Studio Version 17
VisualStudioVersion = 17.0.31903.59
MinimumVisualStudioVersion = 10.0.40219.1
Project("{FAE04EC0-301F-11D3-BF4B-00C04F79EFBC}") = "ConsoleApp8.2", "ConsoleApp8.2.csproj", "{CCF54210-61A1-4475-B836-07DF048742AD}"
EndProject
Global
	GlobalSection(SolutionConfigurationPlatforms) = preSolution
		Debug|Any CPU = Debug|Any CPU
		Release|Any CPU = Release|Any CPU
	EndGlobalSection
	GlobalSection(ProjectConfigurationPlatforms) = postSolution
		{CCF54210-61A1-4475-B836-07DF048742AD}.Debug|Any CPU.ActiveCfg = Debug|Any CPU
		{CCF54210-61A1-4475-B836-07DF048742AD}.Debug|Any CPU.Build.0 = Debug|Any CPU
		{CCF54210-61A1-4475-B836-07DF048742AD}.Release|Any CPU.ActiveCfg = Release|Any CPU
		{CCF54210-61A1-4475-B836-07DF048742AD}.Release|Any CPU.Build.0 = Release|Any CPU
	EndGlobalSection
	GlobalSection(SolutionProperties) = preSolution
		HideSolutionNode = FALSE
	EndGlobalSection
	GlobalSection(ExtensibilityGlobals) = postSolution
		SolutionGuid = {8FC05841-F07F-4512-9D34-4198CFD74A8C}
	EndGlobalSection
EndGlobal
